{"1.2.0",
[{<<"cowboy">>,{pkg,<<"cowboy">>,<<"2.7.0">>},0},
 {<<"cowlib">>,{pkg,<<"cowlib">>,<<"2.8.0">>},1},
 {<<"enough">>,{pkg,<<"enough">>,<<"0.1.0">>},1},
 {<<"eshet">>,
  {git,"https://github.com/tomjnixon/eshet.git",
       {ref,"66eecb624947cacd5481ed66c04dbf64baebc947"}},
  0},
 {<<"gun">>,{pkg,<<"gun">>,<<"1.3.3">>},0},
 {<<"jiffy">>,{pkg,<<"jiffy">>,<<"1.0.5">>},0},
 {<<"msgpack">>,
  {git,"https://github.com/tomjnixon/msgpack-erlang.git",
       {ref,"5387b780e7727d8002b49e2ca2514c19296b6d80"}},
  0},
 {<<"ranch">>,{pkg,<<"ranch">>,<<"1.7.1">>},0},
 {<<"systemd">>,{pkg,<<"systemd">>,<<"0.6.2">>},0}]}.
[
{pkg_hash,[
 {<<"cowboy">>, <<"91ED100138A764355F43316B1D23D7FF6BDB0DE4EA618CB5D8677C93A7A2F115">>},
 {<<"cowlib">>, <<"FD0FF1787DB84AC415B8211573E9A30A3EBE71B5CBFF7F720089972B2319C8A4">>},
 {<<"enough">>, <<"0254710C52D324E2DADDE54CB56FBB80A792C2EB285669B8379EFD0752BF89F0">>},
 {<<"gun">>, <<"CF8B51BEB36C22B9C8DF1921E3F2BC4D2B1F68B49AD4FBC64E91875AA14E16B4">>},
 {<<"jiffy">>, <<"A69B58FAF7123534C20E1B0B7AE97AC52079CA02ED4B6989B4B380179CD63A54">>},
 {<<"ranch">>, <<"6B1FAB51B49196860B733A49C07604465A47BDB78AA10C1C16A3D199F7F8C881">>},
 {<<"systemd">>, <<"AAA24F1E3E6CB978C45369768B1ABD766A0DBFF637ED61254CA64797BCEC9963">>}]},
{pkg_hash_ext,[
 {<<"cowboy">>, <<"04FD8C6A39EDC6AAA9C26123009200FC61F92A3A94F3178C527B70B767C6E605">>},
 {<<"cowlib">>, <<"79F954A7021B302186A950A32869DBC185523D99D3E44CE430CD1F3289F41ED4">>},
 {<<"enough">>, <<"0460C7ABDA5F5E0EA592B12BC6976B8A5C4B96E42F332059CD396525374BF9A1">>},
 {<<"gun">>, <<"3106CE167F9C9723F849E4FB54EA4A4D814E3996AE243A1C828B256E749041E0">>},
 {<<"jiffy">>, <<"B617A53F46AE84F20D0C38951367DC947A2CF8CFF922AA5C6AC6B64B8B052289">>},
 {<<"ranch">>, <<"451D8527787DF716D99DC36162FCA05934915DB0B6141BBDAC2EA8D3C7AFC7D7">>},
 {<<"systemd">>, <<"5062B911800C1AB05157C7BF9A9FBE23DD24C58891C87FD12D2E3ED8FC1708B8">>}]}
].
